// !$*UTF8*$!
{
	archiveVersion = 1;
	classes = {
	};
	objectVersion = 46;
	objects = {

/* Begin PBXBuildFile section */
		AB8965801A7567DB00FF9F1E /* MyCustomSegue.m in Sources */ = {isa = PBXBuildFile; fileRef = AB89657F1A7567DB00FF9F1E /* MyCustomSegue.m */; };
		AB8965831A75683C00FF9F1E /* MyCustomSwiftSegue.swift in Sources */ = {isa = PBXBuildFile; fileRef = AB8965821A75683C00FF9F1E /* MyCustomSwiftSegue.swift */; };
		AB8965851A7568F100FF9F1E /* MyCustomSwiftAnimator.swift in Sources */ = {isa = PBXBuildFile; fileRef = AB8965841A7568F100FF9F1E /* MyCustomSwiftAnimator.swift */; };
		AB937ECA1A7429BE00C8391F /* MyView.m in Sources */ = {isa = PBXBuildFile; fileRef = AB937EC91A7429BE00C8391F /* MyView.m */; };
		ABC8ACD81A71A31F00B10301 /* AppDelegate.m in Sources */ = {isa = PBXBuildFile; fileRef = ABC8ACD71A71A31F00B10301 /* AppDelegate.m */; };
		ABC8ACDA1A71A31F00B10301 /* main.m in Sources */ = {isa = PBXBuildFile; fileRef = ABC8ACD91A71A31F00B10301 /* main.m */; };
		ABC8ACDD1A71A31F00B10301 /* ViewController.m in Sources */ = {isa = PBXBuildFile; fileRef = ABC8ACDC1A71A31F00B10301 /* ViewController.m */; };
		ABC8ACDF1A71A31F00B10301 /* Images.xcassets in Resources */ = {isa = PBXBuildFile; fileRef = ABC8ACDE1A71A31F00B10301 /* Images.xcassets */; };
		ABC8ACE21A71A31F00B10301 /* Main.storyboard in Resources */ = {isa = PBXBuildFile; fileRef = ABC8ACE01A71A31F00B10301 /* Main.storyboard */; };
		ABC8ACFA1A71A44F00B10301 /* MyViewController.m in Sources */ = {isa = PBXBuildFile; fileRef = ABC8ACF81A71A44F00B10301 /* MyViewController.m */; };
		ABC8ACFB1A71A44F00B10301 /* MyViewController.xib in Resources */ = {isa = PBXBuildFile; fileRef = ABC8ACF91A71A44F00B10301 /* MyViewController.xib */; };
		ABC8ACFE1A71A99C00B10301 /* MyCustomAnimator.m in Sources */ = {isa = PBXBuildFile; fileRef = ABC8ACFD1A71A99C00B10301 /* MyCustomAnimator.m */; };
/* End PBXBuildFile section */

/* Begin PBXFileReference section */
		AB89657E1A7567DB00FF9F1E /* MyCustomSegue.h */ = {isa = PBXFileReference; fileEncoding = 4; lastKnownFileType = sourcecode.c.h; path = MyCustomSegue.h; sourceTree = "<group>"; };
		AB89657F1A7567DB00FF9F1E /* MyCustomSegue.m */ = {isa = PBXFileReference; fileEncoding = 4; lastKnownFileType = sourcecode.c.objc; path = MyCustomSegue.m; sourceTree = "<group>"; };
		AB8965811A75683C00FF9F1E /* NSViewControllerPresentations-Bridging-Header.h */ = {isa = PBXFileReference; lastKnownFileType = sourcecode.c.h; path = "NSViewControllerPresentations-Bridging-Header.h"; sourceTree = "<group>"; };
		AB8965821A75683C00FF9F1E /* MyCustomSwiftSegue.swift */ = {isa = PBXFileReference; fileEncoding = 4; lastKnownFileType = sourcecode.swift; path = MyCustomSwiftSegue.swift; sourceTree = "<group>"; };
		AB8965841A7568F100FF9F1E /* MyCustomSwiftAnimator.swift */ = {isa = PBXFileReference; fileEncoding = 4; lastKnownFileType = sourcecode.swift; path = MyCustomSwiftAnimator.swift; sourceTree = "<group>"; };
		AB937EC81A7429BE00C8391F /* MyView.h */ = {isa = PBXFileReference; fileEncoding = 4; lastKnownFileType = sourcecode.c.h; path = MyView.h; sourceTree = "<group>"; };
		AB937EC91A7429BE00C8391F /* MyView.m */ = {isa = PBXFileReference; fileEncoding = 4; lastKnownFileType = sourcecode.c.objc; path = MyView.m; sourceTree = "<group>"; };
		ABC8ACD11A71A31F00B10301 /* NSViewControllerPresentations.app */ = {isa = PBXFileReference; explicitFileType = wrapper.application; includeInIndex = 0; path = NSViewControllerPresentations.app; sourceTree = BUILT_PRODUCTS_DIR; };
		ABC8ACD51A71A31F00B10301 /* Info.plist */ = {isa = PBXFileReference; lastKnownFileType = text.plist.xml; path = Info.plist; sourceTree = "<group>"; };
		ABC8ACD61A71A31F00B10301 /* AppDelegate.h */ = {isa = PBXFileReference; lastKnownFileType = sourcecode.c.h; path = AppDelegate.h; sourceTree = "<group>"; };
		ABC8ACD71A71A31F00B10301 /* AppDelegate.m */ = {isa = PBXFileReference; lastKnownFileType = sourcecode.c.objc; path = AppDelegate.m; sourceTree = "<group>"; };
		ABC8ACD91A71A31F00B10301 /* main.m */ = {isa = PBXFileReference; lastKnownFileType = sourcecode.c.objc; path = main.m; sourceTree = "<group>"; };
		ABC8ACDB1A71A31F00B10301 /* ViewController.h */ = {isa = PBXFileReference; lastKnownFileType = sourcecode.c.h; path = ViewController.h; sourceTree = "<group>"; };
		ABC8ACDC1A71A31F00B10301 /* ViewController.m */ = {isa = PBXFileReference; lastKnownFileType = sourcecode.c.objc; path = ViewController.m; sourceTree = "<group>"; };
		ABC8ACDE1A71A31F00B10301 /* Images.xcassets */ = {isa = PBXFileReference; lastKnownFileType = folder.assetcatalog; path = Images.xcassets; sourceTree = "<group>"; };
		ABC8ACE11A71A31F00B10301 /* Base */ = {isa = PBXFileReference; lastKnownFileType = file.storyboard; name = Base; path = Base.lproj/Main.storyboard; sourceTree = "<group>"; };
		ABC8ACF71A71A44F00B10301 /* MyViewController.h */ = {isa = PBXFileReference; fileEncoding = 4; lastKnownFileType = sourcecode.c.h; path = MyViewController.h; sourceTree = "<group>"; };
		ABC8ACF81A71A44F00B10301 /* MyViewController.m */ = {isa = PBXFileReference; fileEncoding = 4; lastKnownFileType = sourcecode.c.objc; path = MyViewController.m; sourceTree = "<group>"; };
		ABC8ACF91A71A44F00B10301 /* MyViewController.xib */ = {isa = PBXFileReference; fileEncoding = 4; lastKnownFileType = file.xib; path = MyViewController.xib; sourceTree = "<group>"; };
		ABC8ACFC1A71A99C00B10301 /* MyCustomAnimator.h */ = {isa = PBXFileReference; fileEncoding = 4; lastKnownFileType = sourcecode.c.h; path = MyCustomAnimator.h; sourceTree = "<group>"; };
		ABC8ACFD1A71A99C00B10301 /* MyCustomAnimator.m */ = {isa = PBXFileReference; fileEncoding = 4; lastKnownFileType = sourcecode.c.objc; path = MyCustomAnimator.m; sourceTree = "<group>"; };
/* End PBXFileReference section */

/* Begin PBXFrameworksBuildPhase section */
		ABC8ACCE1A71A31F00B10301 /* Frameworks */ = {
			isa = PBXFrameworksBuildPhase;
			buildActionMask = 2147483647;
			files = (
			);
			runOnlyForDeploymentPostprocessing = 0;
		};
/* End PBXFrameworksBuildPhase section */

/* Begin PBXGroup section */
		AB89658C1A7582BA00FF9F1E /* ViewControllers */ = {
			isa = PBXGroup;
			children = (
				AB937EC81A7429BE00C8391F /* MyView.h */,
				AB937EC91A7429BE00C8391F /* MyView.m */,
				ABC8ACF71A71A44F00B10301 /* MyViewController.h */,
				ABC8ACF81A71A44F00B10301 /* MyViewController.m */,
				ABC8ACF91A71A44F00B10301 /* MyViewController.xib */,
				ABC8ACDB1A71A31F00B10301 /* ViewController.h */,
				ABC8ACDC1A71A31F00B10301 /* ViewController.m */,
			);
			name = ViewControllers;
			sourceTree = "<group>";
		};
		AB89658D1A7582E100FF9F1E /* ObjC segues and animators */ = {
			isa = PBXGroup;
			children = (
				AB89657E1A7567DB00FF9F1E /* MyCustomSegue.h */,
				AB89657F1A7567DB00FF9F1E /* MyCustomSegue.m */,
				ABC8ACFC1A71A99C00B10301 /* MyCustomAnimator.h */,
				ABC8ACFD1A71A99C00B10301 /* MyCustomAnimator.m */,
			);
			name = "ObjC segues and animators";
			sourceTree = "<group>";
		};
		AB89658E1A7582F000FF9F1E /* Swift segues and animators */ = {
			isa = PBXGroup;
			children = (
				AB8965821A75683C00FF9F1E /* MyCustomSwiftSegue.swift */,
				AB8965841A7568F100FF9F1E /* MyCustomSwiftAnimator.swift */,
			);
			name = "Swift segues and animators";
			sourceTree = "<group>";
		};
		ABC8ACC81A71A31F00B10301 = {
			isa = PBXGroup;
			children = (
				ABC8ACD31A71A31F00B10301 /* NSViewControllerPresentations */,
				ABC8ACD21A71A31F00B10301 /* Products */,
			);
			sourceTree = "<group>";
		};
		ABC8ACD21A71A31F00B10301 /* Products */ = {
			isa = PBXGroup;
			children = (
				ABC8ACD11A71A31F00B10301 /* NSViewControllerPresentations.app */,
			);
			name = Products;
			sourceTree = "<group>";
		};
		ABC8ACD31A71A31F00B10301 /* NSViewControllerPresentations */ = {
			isa = PBXGroup;
			children = (
				AB89658E1A7582F000FF9F1E /* Swift segues and animators */,
				AB89658D1A7582E100FF9F1E /* ObjC segues and animators */,
				AB89658C1A7582BA00FF9F1E /* ViewControllers */,
				ABC8ACDE1A71A31F00B10301 /* Images.xcassets */,
				ABC8ACE01A71A31F00B10301 /* Main.storyboard */,
				ABC8ACD41A71A31F00B10301 /* Supporting Files */,
			);
			path = NSViewControllerPresentations;
			sourceTree = "<group>";
		};
		ABC8ACD41A71A31F00B10301 /* Supporting Files */ = {
			isa = PBXGroup;
			children = (
				AB8965811A75683C00FF9F1E /* NSViewControllerPresentations-Bridging-Header.h */,
				ABC8ACD61A71A31F00B10301 /* AppDelegate.h */,
				ABC8ACD71A71A31F00B10301 /* AppDelegate.m */,
				ABC8ACD51A71A31F00B10301 /* Info.plist */,
				ABC8ACD91A71A31F00B10301 /* main.m */,
			);
			name = "Supporting Files";
			sourceTree = "<group>";
		};
/* End PBXGroup section */

/* Begin PBXNativeTarget section */
		ABC8ACD01A71A31F00B10301 /* NSViewControllerPresentations */ = {
			isa = PBXNativeTarget;
			buildConfigurationList = ABC8ACF11A71A31F00B10301 /* Build configuration list for PBXNativeTarget "NSViewControllerPresentations" */;
			buildPhases = (
				ABC8ACCD1A71A31F00B10301 /* Sources */,
				ABC8ACCE1A71A31F00B10301 /* Frameworks */,
				ABC8ACCF1A71A31F00B10301 /* Resources */,
			);
			buildRules = (
			);
			dependencies = (
			);
			name = NSViewControllerPresentations;
			productName = TestOSXApp;
			productReference = ABC8ACD11A71A31F00B10301 /* NSViewControllerPresentations.app */;
			productType = "com.apple.product-type.application";
		};
/* End PBXNativeTarget section */

/* Begin PBXProject section */
		ABC8ACC91A71A31F00B10301 /* Project object */ = {
			isa = PBXProject;
			attributes = {
				LastSwiftMigration = 0700;
				LastSwiftUpdateCheck = 0700;
				LastUpgradeCheck = 0700;
				ORGANIZATIONNAME = com.ellipsis;
				TargetAttributes = {
					ABC8ACD01A71A31F00B10301 = {
						CreatedOnToolsVersion = 6.1;
					};
				};
			};
			buildConfigurationList = ABC8ACCC1A71A31F00B10301 /* Build configuration list for PBXProject "NSViewControllerPresentations" */;
			compatibilityVersion = "Xcode 3.2";
			developmentRegion = English;
			hasScannedForEncodings = 0;
			knownRegions = (
				en,
				Base,
			);
			mainGroup = ABC8ACC81A71A31F00B10301;
			productRefGroup = ABC8ACD21A71A31F00B10301 /* Products */;
			projectDirPath = "";
			projectRoot = "";
			targets = (
				ABC8ACD01A71A31F00B10301 /* NSViewControllerPresentations */,
			);
		};
/* End PBXProject section */

/* Begin PBXResourcesBuildPhase section */
		ABC8ACCF1A71A31F00B10301 /* Resources */ = {
			isa = PBXResourcesBuildPhase;
			buildActionMask = 2147483647;
			files = (
				ABC8ACDF1A71A31F00B10301 /* Images.xcassets in Resources */,
				ABC8ACE21A71A31F00B10301 /* Main.storyboard in Resources */,
				ABC8ACFB1A71A44F00B10301 /* MyViewController.xib in Resources */,
			);
			runOnlyForDeploymentPostprocessing = 0;
		};
/* End PBXResourcesBuildPhase section */

/* Begin PBXSourcesBuildPhase section */
		ABC8ACCD1A71A31F00B10301 /* Sources */ = {
			isa = PBXSourcesBuildPhase;
			buildActionMask = 2147483647;
			files = (
				ABC8ACFE1A71A99C00B10301 /* MyCustomAnimator.m in Sources */,
				ABC8ACDD1A71A31F00B10301 /* ViewController.m in Sources */,
				AB8965831A75683C00FF9F1E /* MyCustomSwiftSegue.swift in Sources */,
				AB8965851A7568F100FF9F1E /* MyCustomSwiftAnimator.swift in Sources */,
				AB937ECA1A7429BE00C8391F /* MyView.m in Sources */,
				AB8965801A7567DB00FF9F1E /* MyCustomSegue.m in Sources */,
				ABC8ACDA1A71A31F00B10301 /* main.m in Sources */,
				ABC8ACFA1A71A44F00B10301 /* MyViewController.m in Sources */,
				ABC8ACD81A71A31F00B10301 /* AppDelegate.m in Sources */,
			);
			runOnlyForDeploymentPostprocessing = 0;
		};
/* End PBXSourcesBuildPhase section */

/* Begin PBXVariantGroup section */
		ABC8ACE01A71A31F00B10301 /* Main.storyboard */ = {
			isa = PBXVariantGroup;
			children = (
				ABC8ACE11A71A31F00B10301 /* Base */,
			);
			name = Main.storyboard;
			sourceTree = "<group>";
		};
/* End PBXVariantGroup section */

/* Begin XCBuildConfiguration section */
		ABC8ACEF1A71A31F00B10301 /* Debug */ = {
			isa = XCBuildConfiguration;
			buildSettings = {
				ALWAYS_SEARCH_USER_PATHS = NO;
				CLANG_CXX_LANGUAGE_STANDARD = "gnu++0x";
				CLANG_CXX_LIBRARY = "libc++";
				CLANG_ENABLE_MODULES = YES;
				CLANG_ENABLE_OBJC_ARC = YES;
				CLANG_WARN_BOOL_CONVERSION = YES;
				CLANG_WARN_CONSTANT_CONVERSION = YES;
				CLANG_WARN_DIRECT_OBJC_ISA_USAGE = YES_ERROR;
				CLANG_WARN_EMPTY_BODY = YES;
				CLANG_WARN_ENUM_CONVERSION = YES;
				CLANG_WARN_INT_CONVERSION = YES;
				CLANG_WARN_OBJC_ROOT_CLASS = YES_ERROR;
				CLANG_WARN_UNREACHABLE_CODE = YES;
				CLANG_WARN__DUPLICATE_METHOD_MATCH = YES;
				CODE_SIGN_IDENTITY = "-";
				COPY_PHASE_STRIP = NO;
				ENABLE_STRICT_OBJC_MSGSEND = YES;
				ENABLE_TESTABILITY = YES;
				GCC_C_LANGUAGE_STANDARD = gnu99;
				GCC_DYNAMIC_NO_PIC = NO;
				GCC_OPTIMIZATION_LEVEL = 0;
				GCC_PREPROCESSOR_DEFINITIONS = (
					"DEBUG=1",
					"$(inherited)",
				);
				GCC_SYMBOLS_PRIVATE_EXTERN = NO;
				GCC_WARN_64_TO_32_BIT_CONVERSION = YES;
				GCC_WARN_ABOUT_RETURN_TYPE = YES_ERROR;
				GCC_WARN_UNDECLARED_SELECTOR = YES;
				GCC_WARN_UNINITIALIZED_AUTOS = YES_AGGRESSIVE;
				GCC_WARN_UNUSED_FUNCTION = YES;
				GCC_WARN_UNUSED_VARIABLE = YES;
				MACOSX_DEPLOYMENT_TARGET = 10.10;
				MTL_ENABLE_DEBUG_INFO = YES;
				ONLY_ACTIVE_ARCH = YES;
				SDKROOT = macosx;
			};
			name = Debug;
		};
		ABC8ACF01A71A31F00B10301 /* Release */ = {
			isa = XCBuildConfiguration;
			buildSettings = {
				ALWAYS_SEARCH_USER_PATHS = NO;
				CLANG_CXX_LANGUAGE_STANDARD = "gnu++0x";
				CLANG_CXX_LIBRARY = "libc++";
				CLANG_ENABLE_MODULES = YES;
				CLANG_ENABLE_OBJC_ARC = YES;
				CLANG_WARN_BOOL_CONVERSION = YES;
				CLANG_WARN_CONSTANT_CONVERSION = YES;
				CLANG_WARN_DIRECT_OBJC_ISA_USAGE = YES_ERROR;
				CLANG_WARN_EMPTY_BODY = YES;
				CLANG_WARN_ENUM_CONVERSION = YES;
				CLANG_WARN_INT_CONVERSION = YES;
				CLANG_WARN_OBJC_ROOT_CLASS = YES_ERROR;
				CLANG_WARN_UNREACHABLE_CODE = YES;
				CLANG_WARN__DUPLICATE_METHOD_MATCH = YES;
				CODE_SIGN_IDENTITY = "-";
				COPY_PHASE_STRIP = YES;
				DEBUG_INFORMATION_FORMAT = "dwarf-with-dsym";
				ENABLE_NS_ASSERTIONS = NO;
				ENABLE_STRICT_OBJC_MSGSEND = YES;
				GCC_C_LANGUAGE_STANDARD = gnu99;
				GCC_WARN_64_TO_32_BIT_CONVERSION = YES;
				GCC_WARN_ABOUT_RETURN_TYPE = YES_ERROR;
				GCC_WARN_UNDECLARED_SELECTOR = YES;
				GCC_WARN_UNINITIALIZED_AUTOS = YES_AGGRESSIVE;
				GCC_WARN_UNUSED_FUNCTION = YES;
				GCC_WARN_UNUSED_VARIABLE = YES;
				MACOSX_DEPLOYMENT_TARGET = 10.10;
				MTL_ENABLE_DEBUG_INFO = NO;
				SDKROOT = macosx;
			};
			name = Release;
		};
		ABC8ACF21A71A31F00B10301 /* Debug */ = {
			isa = XCBuildConfiguration;
			buildSettings = {
				ASSETCATALOG_COMPILER_APPICON_NAME = AppIcon;
				CLANG_ENABLE_MODULES = YES;
				COMBINE_HIDPI_IMAGES = YES;
				INFOPLIST_FILE = NSViewControllerPresentations/Info.plist;
				LD_RUNPATH_SEARCH_PATHS = "$(inherited) @executable_path/../Frameworks";
				PRODUCT_BUNDLE_IDENTIFIER = "net.ellipsis.$(PRODUCT_NAME:rfc1034identifier)";
				PRODUCT_NAME = NSViewControllerPresentations;
				SWIFT_OBJC_BRIDGING_HEADER = "NSViewControllerPresentations/NSViewControllerPresentations-Bridging-Header.h";
				SWIFT_OPTIMIZATION_LEVEL = "-Onone";
			};
			name = Debug;
		};
		ABC8ACF31A71A31F00B10301 /* Release */ = {
			isa = XCBuildConfiguration;
			buildSettings = {
				ASSETCATALOG_COMPILER_APPICON_NAME = AppIcon;
				CLANG_ENABLE_MODULES = YES;
				COMBINE_HIDPI_IMAGES = YES;
				INFOPLIST_FILE = NSViewControllerPresentations/Info.plist;
				LD_RUNPATH_SEARCH_PATHS = "$(inherited) @executable_path/../Frameworks";
				PRODUCT_BUNDLE_IDENTIFIER = "net.ellipsis.$(PRODUCT_NAME:rfc1034identifier)";
				PRODUCT_NAME = NSViewControllerPresentations;
				SWIFT_OBJC_BRIDGING_HEADER = "NSViewControllerPresentations/NSViewControllerPresentations-Bridging-Header.h";
			};
			name = Release;
		};
/* End XCBuildConfiguration section */

/* Begin XCConfigurationList section */
		ABC8ACCC1A71A31F00B10301 /* Build configuration list for PBXProject "NSViewControllerPresentations" */ = {
			isa = XCConfigurationList;
			buildConfigurations = (
				ABC8ACEF1A71A31F00B10301 /* Debug */,
				ABC8ACF01A71A31F00B10301 /* Release */,
			);
			defaultConfigurationIsVisible = 0;
			defaultConfigurationName = Release;
		};
		ABC8ACF11A71A31F00B10301 /* Build configuration list for PBXNativeTarget "NSViewControllerPresentations" */ = {
			isa = XCConfigurationList;
			buildConfigurations = (
				ABC8ACF21A71A31F00B10301 /* Debug */,
				ABC8ACF31A71A31F00B10301 /* Release */,
			);
			defaultConfigurationIsVisible = 0;
			defaultConfigurationName = Release;
		};
/* End XCConfigurationList section */
	};
	rootObject = ABC8ACC91A71A31F00B10301 /* Project object */;
}
